
Microsoft Visual Studio Solution File, Format Version 12.00
# Visual Studio Version 16
VisualStudioVersion = 16.0.30204.135
MinimumVisualStudioVersion = 10.0.40219.1
Project("{FAE04EC0-301F-11D3-BF4B-00C04F79EFBC}") = "InvoiceCatWebApp", "InvoiceCatWebApp\InvoiceCatWebApp.csproj", "{60A7156B-50F5-47E1-A9F9-F71B8C249DB5}"
EndProject
Global
	GlobalSection(SolutionConfigurationPlatforms) = preSolution
		Debug|Any CPU = Debug|Any CPU
		Release|Any CPU = Release|Any CPU
	EndGlobalSection
	GlobalSection(ProjectConfigurationPlatforms) = postSolution
		{60A7156B-50F5-47E1-A9F9-F71B8C249DB5}.Debug|Any CPU.ActiveCfg = Debug|Any CPU
		{60A7156B-50F5-47E1-A9F9-F71B8C249DB5}.Debug|Any CPU.Build.0 = Debug|Any CPU
		{60A7156B-50F5-47E1-A9F9-F71B8C249DB5}.Release|Any CPU.ActiveCfg = Release|Any CPU
		{60A7156B-50F5-47E1-A9F9-F71B8C249DB5}.Release|Any CPU.Build.0 = Release|Any CPU
	EndGlobalSection
	GlobalSection(SolutionProperties) = preSolution
		HideSolutionNode = FALSE
	EndGlobalSection
	GlobalSection(ExtensibilityGlobals) = postSolution
		SolutionGuid = {FE2A0558-3F63-4D28-A3EE-222737CD4998}
	EndGlobalSection
EndGlobal
